// !$*UTF8*$!
{
	archiveVersion = 1;
	classes = {
	};
	objectVersion = 56;
	objects = {

/* Begin PBXBuildFile section */
		0515FB962BB8DF2300E633DA /* CharacterListViewViewModel.swift in Sources */ = {isa = PBXBuildFile; fileRef = 0515FB952BB8DF2300E633DA /* CharacterListViewViewModel.swift */; };
		0515FB982BB8E4F000E633DA /* CharacterListView.swift in Sources */ = {isa = PBXBuildFile; fileRef = 0515FB972BB8E4F000E633DA /* CharacterListView.swift */; };
		0515FB9A2BBA6AF800E633DA /* Extensions.swift in Sources */ = {isa = PBXBuildFile; fileRef = 0515FB992BBA6AF800E633DA /* Extensions.swift */; };
		0579370E2B89B265000EADB6 /* AppDelegate.swift in Sources */ = {isa = PBXBuildFile; fileRef = 0579370D2B89B265000EADB6 /* AppDelegate.swift */; };
		057937102B89B265000EADB6 /* SceneDelegate.swift in Sources */ = {isa = PBXBuildFile; fileRef = 0579370F2B89B265000EADB6 /* SceneDelegate.swift */; };
		057937122B89B265000EADB6 /* RMTabBarController.swift in Sources */ = {isa = PBXBuildFile; fileRef = 057937112B89B265000EADB6 /* RMTabBarController.swift */; };
		057937172B89B266000EADB6 /* Assets.xcassets in Resources */ = {isa = PBXBuildFile; fileRef = 057937162B89B266000EADB6 /* Assets.xcassets */; };
		0579371A2B89B266000EADB6 /* LaunchScreen.storyboard in Resources */ = {isa = PBXBuildFile; fileRef = 057937182B89B266000EADB6 /* LaunchScreen.storyboard */; };
		0579372A2B89C0D1000EADB6 /* RMLocation.swift in Sources */ = {isa = PBXBuildFile; fileRef = 057937292B89C0D1000EADB6 /* RMLocation.swift */; };
		0579372C2B89C0DD000EADB6 /* RMCharacter.swift in Sources */ = {isa = PBXBuildFile; fileRef = 0579372B2B89C0DD000EADB6 /* RMCharacter.swift */; };
		0579372E2B89C0FC000EADB6 /* RMEpisode.swift in Sources */ = {isa = PBXBuildFile; fileRef = 0579372D2B89C0FC000EADB6 /* RMEpisode.swift */; };
		057937312B89C213000EADB6 /* RMCharacterViewController.swift in Sources */ = {isa = PBXBuildFile; fileRef = 057937302B89C213000EADB6 /* RMCharacterViewController.swift */; };
		057937332B89C227000EADB6 /* RMLocationViewController.swift in Sources */ = {isa = PBXBuildFile; fileRef = 057937322B89C227000EADB6 /* RMLocationViewController.swift */; };
		057937352B89C236000EADB6 /* RMEpisodeViewController.swift in Sources */ = {isa = PBXBuildFile; fileRef = 057937342B89C236000EADB6 /* RMEpisodeViewController.swift */; };
		057937372B89C25F000EADB6 /* RMSettingsViewController.swift in Sources */ = {isa = PBXBuildFile; fileRef = 057937362B89C25F000EADB6 /* RMSettingsViewController.swift */; };
		05AE03E32B8E9ACE00925C28 /* RMCharacterStatus.swift in Sources */ = {isa = PBXBuildFile; fileRef = 05AE03E22B8E9ACE00925C28 /* RMCharacterStatus.swift */; };
		05AE03E52B8E9B7100925C28 /* RMCharacterGender.swift in Sources */ = {isa = PBXBuildFile; fileRef = 05AE03E42B8E9B7100925C28 /* RMCharacterGender.swift */; };
		05AE03E82B8E9C0100925C28 /* RMOrigin.swift in Sources */ = {isa = PBXBuildFile; fileRef = 05AE03E72B8E9C0100925C28 /* RMOrigin.swift */; };
		05AE03EA2B8E9C2900925C28 /* RMSingleLocation.swift in Sources */ = {isa = PBXBuildFile; fileRef = 05AE03E92B8E9C2900925C28 /* RMSingleLocation.swift */; };
		05C0DD972B8D8AC200484C02 /* RMService.swift in Sources */ = {isa = PBXBuildFile; fileRef = 05C0DD962B8D8AC200484C02 /* RMService.swift */; };
		05C0DD992B8D8B2B00484C02 /* RMRequest.swift in Sources */ = {isa = PBXBuildFile; fileRef = 05C0DD982B8D8B2B00484C02 /* RMRequest.swift */; };
		05C0DD9B2B8D8E3900484C02 /* RMEndpoint.swift in Sources */ = {isa = PBXBuildFile; fileRef = 05C0DD9A2B8D8E3900484C02 /* RMEndpoint.swift */; };
		05D1D4D92B92D7C000999F36 /* RMGetAllCharactersResponse.swift in Sources */ = {isa = PBXBuildFile; fileRef = 05D1D4D82B92D7C000999F36 /* RMGetAllCharactersResponse.swift */; };
/* End PBXBuildFile section */

/* Begin PBXFileReference section */
		0515FB952BB8DF2300E633DA /* CharacterListViewViewModel.swift */ = {isa = PBXFileReference; lastKnownFileType = sourcecode.swift; path = CharacterListViewViewModel.swift; sourceTree = "<group>"; };
		0515FB972BB8E4F000E633DA /* CharacterListView.swift */ = {isa = PBXFileReference; lastKnownFileType = sourcecode.swift; path = CharacterListView.swift; sourceTree = "<group>"; };
		0515FB992BBA6AF800E633DA /* Extensions.swift */ = {isa = PBXFileReference; lastKnownFileType = sourcecode.swift; path = Extensions.swift; sourceTree = "<group>"; };
		0579370A2B89B265000EADB6 /* RickAndMortyApp.app */ = {isa = PBXFileReference; explicitFileType = wrapper.application; includeInIndex = 0; path = RickAndMortyApp.app; sourceTree = BUILT_PRODUCTS_DIR; };
		0579370D2B89B265000EADB6 /* AppDelegate.swift */ = {isa = PBXFileReference; lastKnownFileType = sourcecode.swift; path = AppDelegate.swift; sourceTree = "<group>"; };
		0579370F2B89B265000EADB6 /* SceneDelegate.swift */ = {isa = PBXFileReference; lastKnownFileType = sourcecode.swift; path = SceneDelegate.swift; sourceTree = "<group>"; };
		057937112B89B265000EADB6 /* RMTabBarController.swift */ = {isa = PBXFileReference; lastKnownFileType = sourcecode.swift; path = RMTabBarController.swift; sourceTree = "<group>"; };
		057937162B89B266000EADB6 /* Assets.xcassets */ = {isa = PBXFileReference; lastKnownFileType = folder.assetcatalog; path = Assets.xcassets; sourceTree = "<group>"; };
		057937192B89B266000EADB6 /* Base */ = {isa = PBXFileReference; lastKnownFileType = file.storyboard; name = Base; path = Base.lproj/LaunchScreen.storyboard; sourceTree = "<group>"; };
		0579371B2B89B266000EADB6 /* Info.plist */ = {isa = PBXFileReference; lastKnownFileType = text.plist.xml; path = Info.plist; sourceTree = "<group>"; };
		057937292B89C0D1000EADB6 /* RMLocation.swift */ = {isa = PBXFileReference; lastKnownFileType = sourcecode.swift; path = RMLocation.swift; sourceTree = "<group>"; };
		0579372B2B89C0DD000EADB6 /* RMCharacter.swift */ = {isa = PBXFileReference; lastKnownFileType = sourcecode.swift; path = RMCharacter.swift; sourceTree = "<group>"; };
		0579372D2B89C0FC000EADB6 /* RMEpisode.swift */ = {isa = PBXFileReference; lastKnownFileType = sourcecode.swift; path = RMEpisode.swift; sourceTree = "<group>"; };
		057937302B89C213000EADB6 /* RMCharacterViewController.swift */ = {isa = PBXFileReference; lastKnownFileType = sourcecode.swift; path = RMCharacterViewController.swift; sourceTree = "<group>"; };
		057937322B89C227000EADB6 /* RMLocationViewController.swift */ = {isa = PBXFileReference; lastKnownFileType = sourcecode.swift; path = RMLocationViewController.swift; sourceTree = "<group>"; };
		057937342B89C236000EADB6 /* RMEpisodeViewController.swift */ = {isa = PBXFileReference; lastKnownFileType = sourcecode.swift; path = RMEpisodeViewController.swift; sourceTree = "<group>"; };
		057937362B89C25F000EADB6 /* RMSettingsViewController.swift */ = {isa = PBXFileReference; lastKnownFileType = sourcecode.swift; path = RMSettingsViewController.swift; sourceTree = "<group>"; };
		05AE03E22B8E9ACE00925C28 /* RMCharacterStatus.swift */ = {isa = PBXFileReference; lastKnownFileType = sourcecode.swift; path = RMCharacterStatus.swift; sourceTree = "<group>"; };
		05AE03E42B8E9B7100925C28 /* RMCharacterGender.swift */ = {isa = PBXFileReference; lastKnownFileType = sourcecode.swift; path = RMCharacterGender.swift; sourceTree = "<group>"; };
		05AE03E72B8E9C0100925C28 /* RMOrigin.swift */ = {isa = PBXFileReference; lastKnownFileType = sourcecode.swift; path = RMOrigin.swift; sourceTree = "<group>"; };
		05AE03E92B8E9C2900925C28 /* RMSingleLocation.swift */ = {isa = PBXFileReference; lastKnownFileType = sourcecode.swift; path = RMSingleLocation.swift; sourceTree = "<group>"; };
		05C0DD962B8D8AC200484C02 /* RMService.swift */ = {isa = PBXFileReference; lastKnownFileType = sourcecode.swift; path = RMService.swift; sourceTree = "<group>"; };
		05C0DD982B8D8B2B00484C02 /* RMRequest.swift */ = {isa = PBXFileReference; lastKnownFileType = sourcecode.swift; path = RMRequest.swift; sourceTree = "<group>"; };
		05C0DD9A2B8D8E3900484C02 /* RMEndpoint.swift */ = {isa = PBXFileReference; lastKnownFileType = sourcecode.swift; path = RMEndpoint.swift; sourceTree = "<group>"; };
		05D1D4D82B92D7C000999F36 /* RMGetAllCharactersResponse.swift */ = {isa = PBXFileReference; lastKnownFileType = sourcecode.swift; path = RMGetAllCharactersResponse.swift; sourceTree = "<group>"; };
/* End PBXFileReference section */

/* Begin PBXFrameworksBuildPhase section */
		057937072B89B265000EADB6 /* Frameworks */ = {
			isa = PBXFrameworksBuildPhase;
			buildActionMask = 2147483647;
			files = (
			);
			runOnlyForDeploymentPostprocessing = 0;
		};
/* End PBXFrameworksBuildPhase section */

/* Begin PBXGroup section */
		057937012B89B265000EADB6 = {
			isa = PBXGroup;
			children = (
				0579370C2B89B265000EADB6 /* RickAndMortyApp */,
				0579370B2B89B265000EADB6 /* Products */,
			);
			sourceTree = "<group>";
		};
		0579370B2B89B265000EADB6 /* Products */ = {
			isa = PBXGroup;
			children = (
				0579370A2B89B265000EADB6 /* RickAndMortyApp.app */,
			);
			name = Products;
			sourceTree = "<group>";
		};
		0579370C2B89B265000EADB6 /* RickAndMortyApp */ = {
			isa = PBXGroup;
			children = (
				057937282B89C012000EADB6 /* Resources */,
				057937272B89C009000EADB6 /* Managers */,
				057937262B89BFE9000EADB6 /* APIClient */,
				057937242B89BFB0000EADB6 /* ViewModels */,
				057937232B89BF9C000EADB6 /* Views */,
				057937222B89BF94000EADB6 /* Models */,
				057937212B89BF84000EADB6 /* Controllers */,
				0579371B2B89B266000EADB6 /* Info.plist */,
			);
			path = RickAndMortyApp;
			sourceTree = "<group>";
		};
		057937212B89BF84000EADB6 /* Controllers */ = {
			isa = PBXGroup;
			children = (
				0579372F2B89C1AA000EADB6 /* Core */,
			);
			path = Controllers;
			sourceTree = "<group>";
		};
		057937222B89BF94000EADB6 /* Models */ = {
			isa = PBXGroup;
			children = (
				05D1D4D72B92D79900999F36 /* APIResponseTypes */,
				05AE03E62B8E9BDB00925C28 /* DataTypes */,
			);
			path = Models;
			sourceTree = "<group>";
		};
		057937232B89BF9C000EADB6 /* Views */ = {
			isa = PBXGroup;
			children = (
				0515FB972BB8E4F000E633DA /* CharacterListView.swift */,
			);
			path = Views;
			sourceTree = "<group>";
		};
		057937242B89BFB0000EADB6 /* ViewModels */ = {
			isa = PBXGroup;
			children = (
				0515FB952BB8DF2300E633DA /* CharacterListViewViewModel.swift */,
			);
			path = ViewModels;
			sourceTree = "<group>";
		};
		057937262B89BFE9000EADB6 /* APIClient */ = {
			isa = PBXGroup;
			children = (
				05C0DD962B8D8AC200484C02 /* RMService.swift */,
				05C0DD982B8D8B2B00484C02 /* RMRequest.swift */,
				05C0DD9A2B8D8E3900484C02 /* RMEndpoint.swift */,
			);
			path = APIClient;
			sourceTree = "<group>";
		};
		057937272B89C009000EADB6 /* Managers */ = {
			isa = PBXGroup;
			children = (
			);
			path = Managers;
			sourceTree = "<group>";
		};
		057937282B89C012000EADB6 /* Resources */ = {
			isa = PBXGroup;
			children = (
				057937162B89B266000EADB6 /* Assets.xcassets */,
				057937182B89B266000EADB6 /* LaunchScreen.storyboard */,
				0579370D2B89B265000EADB6 /* AppDelegate.swift */,
				0579370F2B89B265000EADB6 /* SceneDelegate.swift */,
				0515FB992BBA6AF800E633DA /* Extensions.swift */,
			);
			path = Resources;
			sourceTree = "<group>";
		};
		0579372F2B89C1AA000EADB6 /* Core */ = {
			isa = PBXGroup;
			children = (
				057937112B89B265000EADB6 /* RMTabBarController.swift */,
				057937302B89C213000EADB6 /* RMCharacterViewController.swift */,
				057937322B89C227000EADB6 /* RMLocationViewController.swift */,
				057937342B89C236000EADB6 /* RMEpisodeViewController.swift */,
				057937362B89C25F000EADB6 /* RMSettingsViewController.swift */,
			);
			path = Core;
			sourceTree = "<group>";
		};
		05AE03E62B8E9BDB00925C28 /* DataTypes */ = {
			isa = PBXGroup;
			children = (
				057937292B89C0D1000EADB6 /* RMLocation.swift */,
				0579372B2B89C0DD000EADB6 /* RMCharacter.swift */,
				0579372D2B89C0FC000EADB6 /* RMEpisode.swift */,
				05AE03E22B8E9ACE00925C28 /* RMCharacterStatus.swift */,
				05AE03E42B8E9B7100925C28 /* RMCharacterGender.swift */,
				05AE03E72B8E9C0100925C28 /* RMOrigin.swift */,
				05AE03E92B8E9C2900925C28 /* RMSingleLocation.swift */,
			);
			path = DataTypes;
			sourceTree = "<group>";
		};
		05D1D4D72B92D79900999F36 /* APIResponseTypes */ = {
			isa = PBXGroup;
			children = (
				05D1D4D82B92D7C000999F36 /* RMGetAllCharactersResponse.swift */,
			);
			path = APIResponseTypes;
			sourceTree = "<group>";
		};
/* End PBXGroup section */

/* Begin PBXNativeTarget section */
		057937092B89B265000EADB6 /* RickAndMortyApp */ = {
			isa = PBXNativeTarget;
			buildConfigurationList = 0579371E2B89B266000EADB6 /* Build configuration list for PBXNativeTarget "RickAndMortyApp" */;
			buildPhases = (
				057937062B89B265000EADB6 /* Sources */,
				057937072B89B265000EADB6 /* Frameworks */,
				057937082B89B265000EADB6 /* Resources */,
			);
			buildRules = (
			);
			dependencies = (
			);
			name = RickAndMortyApp;
			productName = RickAndMortyApp;
			productReference = 0579370A2B89B265000EADB6 /* RickAndMortyApp.app */;
			productType = "com.apple.product-type.application";
		};
/* End PBXNativeTarget section */

/* Begin PBXProject section */
		057937022B89B265000EADB6 /* Project object */ = {
			isa = PBXProject;
			attributes = {
				BuildIndependentTargetsInParallel = 1;
				LastSwiftUpdateCheck = 1520;
				LastUpgradeCheck = 1520;
				TargetAttributes = {
					057937092B89B265000EADB6 = {
						CreatedOnToolsVersion = 15.2;
					};
				};
			};
			buildConfigurationList = 057937052B89B265000EADB6 /* Build configuration list for PBXProject "RickAndMortyApp" */;
			compatibilityVersion = "Xcode 14.0";
			developmentRegion = en;
			hasScannedForEncodings = 0;
			knownRegions = (
				en,
				Base,
			);
			mainGroup = 057937012B89B265000EADB6;
			productRefGroup = 0579370B2B89B265000EADB6 /* Products */;
			projectDirPath = "";
			projectRoot = "";
			targets = (
				057937092B89B265000EADB6 /* RickAndMortyApp */,
			);
		};
/* End PBXProject section */

/* Begin PBXResourcesBuildPhase section */
		057937082B89B265000EADB6 /* Resources */ = {
			isa = PBXResourcesBuildPhase;
			buildActionMask = 2147483647;
			files = (
				0579371A2B89B266000EADB6 /* LaunchScreen.storyboard in Resources */,
				057937172B89B266000EADB6 /* Assets.xcassets in Resources */,
			);
			runOnlyForDeploymentPostprocessing = 0;
		};
/* End PBXResourcesBuildPhase section */

/* Begin PBXSourcesBuildPhase section */
		057937062B89B265000EADB6 /* Sources */ = {
			isa = PBXSourcesBuildPhase;
			buildActionMask = 2147483647;
			files = (
				05AE03E82B8E9C0100925C28 /* RMOrigin.swift in Sources */,
				05AE03E32B8E9ACE00925C28 /* RMCharacterStatus.swift in Sources */,
				0515FB982BB8E4F000E633DA /* CharacterListView.swift in Sources */,
				05D1D4D92B92D7C000999F36 /* RMGetAllCharactersResponse.swift in Sources */,
				057937332B89C227000EADB6 /* RMLocationViewController.swift in Sources */,
				0579372E2B89C0FC000EADB6 /* RMEpisode.swift in Sources */,
				057937122B89B265000EADB6 /* RMTabBarController.swift in Sources */,
				057937352B89C236000EADB6 /* RMEpisodeViewController.swift in Sources */,
				0579370E2B89B265000EADB6 /* AppDelegate.swift in Sources */,
				057937102B89B265000EADB6 /* SceneDelegate.swift in Sources */,
				057937372B89C25F000EADB6 /* RMSettingsViewController.swift in Sources */,
				05C0DD972B8D8AC200484C02 /* RMService.swift in Sources */,
				0579372A2B89C0D1000EADB6 /* RMLocation.swift in Sources */,
				0515FB9A2BBA6AF800E633DA /* Extensions.swift in Sources */,
				05C0DD9B2B8D8E3900484C02 /* RMEndpoint.swift in Sources */,
				05AE03EA2B8E9C2900925C28 /* RMSingleLocation.swift in Sources */,
				05AE03E52B8E9B7100925C28 /* RMCharacterGender.swift in Sources */,
				0579372C2B89C0DD000EADB6 /* RMCharacter.swift in Sources */,
				05C0DD992B8D8B2B00484C02 /* RMRequest.swift in Sources */,
				0515FB962BB8DF2300E633DA /* CharacterListViewViewModel.swift in Sources */,
				057937312B89C213000EADB6 /* RMCharacterViewController.swift in Sources */,
			);
			runOnlyForDeploymentPostprocessing = 0;
		};
/* End PBXSourcesBuildPhase section */

/* Begin PBXVariantGroup section */
		057937182B89B266000EADB6 /* LaunchScreen.storyboard */ = {
			isa = PBXVariantGroup;
			children = (
				057937192B89B266000EADB6 /* Base */,
			);
			name = LaunchScreen.storyboard;
			sourceTree = "<group>";
		};
/* End PBXVariantGroup section */

/* Begin XCBuildConfiguration section */
		0579371C2B89B266000EADB6 /* Debug */ = {
			isa = XCBuildConfiguration;
			buildSettings = {
				ALWAYS_SEARCH_USER_PATHS = NO;
				ASSETCATALOG_COMPILER_GENERATE_SWIFT_ASSET_SYMBOL_EXTENSIONS = YES;
				CLANG_ANALYZER_NONNULL = YES;
				CLANG_ANALYZER_NUMBER_OBJECT_CONVERSION = YES_AGGRESSIVE;
				CLANG_CXX_LANGUAGE_STANDARD = "gnu++20";
				CLANG_ENABLE_MODULES = YES;
				CLANG_ENABLE_OBJC_ARC = YES;
				CLANG_ENABLE_OBJC_WEAK = YES;
				CLANG_WARN_BLOCK_CAPTURE_AUTORELEASING = YES;
				CLANG_WARN_BOOL_CONVERSION = YES;
				CLANG_WARN_COMMA = YES;
				CLANG_WARN_CONSTANT_CONVERSION = YES;
				CLANG_WARN_DEPRECATED_OBJC_IMPLEMENTATIONS = YES;
				CLANG_WARN_DIRECT_OBJC_ISA_USAGE = YES_ERROR;
				CLANG_WARN_DOCUMENTATION_COMMENTS = YES;
				CLANG_WARN_EMPTY_BODY = YES;
				CLANG_WARN_ENUM_CONVERSION = YES;
				CLANG_WARN_INFINITE_RECURSION = YES;
				CLANG_WARN_INT_CONVERSION = YES;
				CLANG_WARN_NON_LITERAL_NULL_CONVERSION = YES;
				CLANG_WARN_OBJC_IMPLICIT_RETAIN_SELF = YES;
				CLANG_WARN_OBJC_LITERAL_CONVERSION = YES;
				CLANG_WARN_OBJC_ROOT_CLASS = YES_ERROR;
				CLANG_WARN_QUOTED_INCLUDE_IN_FRAMEWORK_HEADER = YES;
				CLANG_WARN_RANGE_LOOP_ANALYSIS = YES;
				CLANG_WARN_STRICT_PROTOTYPES = YES;
				CLANG_WARN_SUSPICIOUS_MOVE = YES;
				CLANG_WARN_UNGUARDED_AVAILABILITY = YES_AGGRESSIVE;
				CLANG_WARN_UNREACHABLE_CODE = YES;
				CLANG_WARN__DUPLICATE_METHOD_MATCH = YES;
				COPY_PHASE_STRIP = NO;
				DEBUG_INFORMATION_FORMAT = dwarf;
				ENABLE_STRICT_OBJC_MSGSEND = YES;
				ENABLE_TESTABILITY = YES;
				ENABLE_USER_SCRIPT_SANDBOXING = YES;
				GCC_C_LANGUAGE_STANDARD = gnu17;
				GCC_DYNAMIC_NO_PIC = NO;
				GCC_NO_COMMON_BLOCKS = YES;
				GCC_OPTIMIZATION_LEVEL = 0;
				GCC_PREPROCESSOR_DEFINITIONS = (
					"DEBUG=1",
					"$(inherited)",
				);
				GCC_WARN_64_TO_32_BIT_CONVERSION = YES;
				GCC_WARN_ABOUT_RETURN_TYPE = YES_ERROR;
				GCC_WARN_UNDECLARED_SELECTOR = YES;
				GCC_WARN_UNINITIALIZED_AUTOS = YES_AGGRESSIVE;
				GCC_WARN_UNUSED_FUNCTION = YES;
				GCC_WARN_UNUSED_VARIABLE = YES;
				IPHONEOS_DEPLOYMENT_TARGET = 17.2;
				LOCALIZATION_PREFERS_STRING_CATALOGS = YES;
				MTL_ENABLE_DEBUG_INFO = INCLUDE_SOURCE;
				MTL_FAST_MATH = YES;
				ONLY_ACTIVE_ARCH = YES;
				SDKROOT = iphoneos;
				SWIFT_ACTIVE_COMPILATION_CONDITIONS = "DEBUG $(inherited)";
				SWIFT_OPTIMIZATION_LEVEL = "-Onone";
			};
			name = Debug;
		};
		0579371D2B89B266000EADB6 /* Release */ = {
			isa = XCBuildConfiguration;
			buildSettings = {
				ALWAYS_SEARCH_USER_PATHS = NO;
				ASSETCATALOG_COMPILER_GENERATE_SWIFT_ASSET_SYMBOL_EXTENSIONS = YES;
				CLANG_ANALYZER_NONNULL = YES;
				CLANG_ANALYZER_NUMBER_OBJECT_CONVERSION = YES_AGGRESSIVE;
				CLANG_CXX_LANGUAGE_STANDARD = "gnu++20";
				CLANG_ENABLE_MODULES = YES;
				CLANG_ENABLE_OBJC_ARC = YES;
				CLANG_ENABLE_OBJC_WEAK = YES;
				CLANG_WARN_BLOCK_CAPTURE_AUTORELEASING = YES;
				CLANG_WARN_BOOL_CONVERSION = YES;
				CLANG_WARN_COMMA = YES;
				CLANG_WARN_CONSTANT_CONVERSION = YES;
				CLANG_WARN_DEPRECATED_OBJC_IMPLEMENTATIONS = YES;
				CLANG_WARN_DIRECT_OBJC_ISA_USAGE = YES_ERROR;
				CLANG_WARN_DOCUMENTATION_COMMENTS = YES;
				CLANG_WARN_EMPTY_BODY = YES;
				CLANG_WARN_ENUM_CONVERSION = YES;
				CLANG_WARN_INFINITE_RECURSION = YES;
				CLANG_WARN_INT_CONVERSION = YES;
				CLANG_WARN_NON_LITERAL_NULL_CONVERSION = YES;
				CLANG_WARN_OBJC_IMPLICIT_RETAIN_SELF = YES;
				CLANG_WARN_OBJC_LITERAL_CONVERSION = YES;
				CLANG_WARN_OBJC_ROOT_CLASS = YES_ERROR;
				CLANG_WARN_QUOTED_INCLUDE_IN_FRAMEWORK_HEADER = YES;
				CLANG_WARN_RANGE_LOOP_ANALYSIS = YES;
				CLANG_WARN_STRICT_PROTOTYPES = YES;
				CLANG_WARN_SUSPICIOUS_MOVE = YES;
				CLANG_WARN_UNGUARDED_AVAILABILITY = YES_AGGRESSIVE;
				CLANG_WARN_UNREACHABLE_CODE = YES;
				CLANG_WARN__DUPLICATE_METHOD_MATCH = YES;
				COPY_PHASE_STRIP = NO;
				DEBUG_INFORMATION_FORMAT = "dwarf-with-dsym";
				ENABLE_NS_ASSERTIONS = NO;
				ENABLE_STRICT_OBJC_MSGSEND = YES;
				ENABLE_USER_SCRIPT_SANDBOXING = YES;
				GCC_C_LANGUAGE_STANDARD = gnu17;
				GCC_NO_COMMON_BLOCKS = YES;
				GCC_WARN_64_TO_32_BIT_CONVERSION = YES;
				GCC_WARN_ABOUT_RETURN_TYPE = YES_ERROR;
				GCC_WARN_UNDECLARED_SELECTOR = YES;
				GCC_WARN_UNINITIALIZED_AUTOS = YES_AGGRESSIVE;
				GCC_WARN_UNUSED_FUNCTION = YES;
				GCC_WARN_UNUSED_VARIABLE = YES;
				IPHONEOS_DEPLOYMENT_TARGET = 17.2;
				LOCALIZATION_PREFERS_STRING_CATALOGS = YES;
				MTL_ENABLE_DEBUG_INFO = NO;
				MTL_FAST_MATH = YES;
				SDKROOT = iphoneos;
				SWIFT_COMPILATION_MODE = wholemodule;
				VALIDATE_PRODUCT = YES;
			};
			name = Release;
		};
		0579371F2B89B266000EADB6 /* Debug */ = {
			isa = XCBuildConfiguration;
			buildSettings = {
				ASSETCATALOG_COMPILER_APPICON_NAME = AppIcon;
				ASSETCATALOG_COMPILER_GLOBAL_ACCENT_COLOR_NAME = AccentColor;
				CODE_SIGN_STYLE = Automatic;
				CURRENT_PROJECT_VERSION = 1;
				DEVELOPMENT_TEAM = QT54HG2RDT;
				GENERATE_INFOPLIST_FILE = YES;
				INFOPLIST_FILE = RickAndMortyApp/Info.plist;
				INFOPLIST_KEY_CFBundleDisplayName = "Rick And Morty";
				INFOPLIST_KEY_UIApplicationSupportsIndirectInputEvents = YES;
				INFOPLIST_KEY_UILaunchStoryboardName = LaunchScreen;
				INFOPLIST_KEY_UISupportedInterfaceOrientations_iPad = "UIInterfaceOrientationPortrait UIInterfaceOrientationPortraitUpsideDown UIInterfaceOrientationLandscapeLeft UIInterfaceOrientationLandscapeRight";
				INFOPLIST_KEY_UISupportedInterfaceOrientations_iPhone = "UIInterfaceOrientationPortrait UIInterfaceOrientationLandscapeLeft UIInterfaceOrientationLandscapeRight";
				LD_RUNPATH_SEARCH_PATHS = (
					"$(inherited)",
					"@executable_path/Frameworks",
				);
				MARKETING_VERSION = 1.0;
				PRODUCT_BUNDLE_IDENTIFIER = com.rafa.RickAndMortyApp;
				PRODUCT_NAME = "$(TARGET_NAME)";
				SWIFT_EMIT_LOC_STRINGS = YES;
				SWIFT_VERSION = 5.0;
				TARGETED_DEVICE_FAMILY = "1,2";
			};
			name = Debug;
		};
		057937202B89B266000EADB6 /* Release */ = {
			isa = XCBuildConfiguration;
			buildSettings = {
				ASSETCATALOG_COMPILER_APPICON_NAME = AppIcon;
				ASSETCATALOG_COMPILER_GLOBAL_ACCENT_COLOR_NAME = AccentColor;
				CODE_SIGN_STYLE = Automatic;
				CURRENT_PROJECT_VERSION = 1;
				DEVELOPMENT_TEAM = QT54HG2RDT;
				GENERATE_INFOPLIST_FILE = YES;
				INFOPLIST_FILE = RickAndMortyApp/Info.plist;
				INFOPLIST_KEY_CFBundleDisplayName = "Rick And Morty";
				INFOPLIST_KEY_UIApplicationSupportsIndirectInputEvents = YES;
				INFOPLIST_KEY_UILaunchStoryboardName = LaunchScreen;
				INFOPLIST_KEY_UISupportedInterfaceOrientations_iPad = "UIInterfaceOrientationPortrait UIInterfaceOrientationPortraitUpsideDown UIInterfaceOrientationLandscapeLeft UIInterfaceOrientationLandscapeRight";
				INFOPLIST_KEY_UISupportedInterfaceOrientations_iPhone = "UIInterfaceOrientationPortrait UIInterfaceOrientationLandscapeLeft UIInterfaceOrientationLandscapeRight";
				LD_RUNPATH_SEARCH_PATHS = (
					"$(inherited)",
					"@executable_path/Frameworks",
				);
				MARKETING_VERSION = 1.0;
				PRODUCT_BUNDLE_IDENTIFIER = com.rafa.RickAndMortyApp;
				PRODUCT_NAME = "$(TARGET_NAME)";
				SWIFT_EMIT_LOC_STRINGS = YES;
				SWIFT_VERSION = 5.0;
				TARGETED_DEVICE_FAMILY = "1,2";
			};
			name = Release;
		};
/* End XCBuildConfiguration section */

/* Begin XCConfigurationList section */
		057937052B89B265000EADB6 /* Build configuration list for PBXProject "RickAndMortyApp" */ = {
			isa = XCConfigurationList;
			buildConfigurations = (
				0579371C2B89B266000EADB6 /* Debug */,
				0579371D2B89B266000EADB6 /* Release */,
			);
			defaultConfigurationIsVisible = 0;
			defaultConfigurationName = Release;
		};
		0579371E2B89B266000EADB6 /* Build configuration list for PBXNativeTarget "RickAndMortyApp" */ = {
			isa = XCConfigurationList;
			buildConfigurations = (
				0579371F2B89B266000EADB6 /* Debug */,
				057937202B89B266000EADB6 /* Release */,
			);
			defaultConfigurationIsVisible = 0;
			defaultConfigurationName = Release;
		};
/* End XCConfigurationList section */
	};
	rootObject = 057937022B89B265000EADB6 /* Project object */;
}
